
Microsoft Visual Studio Solution File, Format Version 12.00
# Visual Studio Version 16
VisualStudioVersion = 16.0.29926.136
MinimumVisualStudioVersion = 10.0.40219.1
Project("{FAE04EC0-301F-11D3-BF4B-00C04F79EFBC}") = "SHA256 Cryptography", "SHA256 Cryptography\SHA256 Cryptography.csproj", "{98E3EBC4-C35B-489F-B536-BF6F80429A8A}"
EndProject
Global
	GlobalSection(SolutionConfigurationPlatforms) = preSolution
		Debug|Any CPU = Debug|Any CPU
		Release|Any CPU = Release|Any CPU
	EndGlobalSection
	GlobalSection(ProjectConfigurationPlatforms) = postSolution
		{98E3EBC4-C35B-489F-B536-BF6F80429A8A}.Debug|Any CPU.ActiveCfg = Debug|Any CPU
		{98E3EBC4-C35B-489F-B536-BF6F80429A8A}.Debug|Any CPU.Build.0 = Debug|Any CPU
		{98E3EBC4-C35B-489F-B536-BF6F80429A8A}.Release|Any CPU.ActiveCfg = Release|Any CPU
		{98E3EBC4-C35B-489F-B536-BF6F80429A8A}.Release|Any CPU.Build.0 = Release|Any CPU
	EndGlobalSection
	GlobalSection(SolutionProperties) = preSolution
		HideSolutionNode = FALSE
	EndGlobalSection
	GlobalSection(ExtensibilityGlobals) = postSolution
		SolutionGuid = {D78A468E-97E1-45F9-B885-C5DA65FC0426}
	EndGlobalSection
EndGlobal
